
Microsoft Visual Studio Solution File, Format Version 12.00
# Visual Studio Version 17
VisualStudioVersion = 17.3.32929.385
MinimumVisualStudioVersion = 10.0.40219.1
Project("{FAE04EC0-301F-11D3-BF4B-00C04F79EFBC}") = "E-Store.Web", "E-Store.Web.csproj", "{3C0FD1D6-0D45-482C-AA17-7981B7E7294F}"
EndProject
Project("{FAE04EC0-301F-11D3-BF4B-00C04F79EFBC}") = "E-Store.Repository", "..\E-Store.Repository\E-Store.Repository.csproj", "{47B9C0A9-B8C5-4BC8-B0E0-640F66FB78BD}"
EndProject
Project("{FAE04EC0-301F-11D3-BF4B-00C04F79EFBC}") = "E.Store.ViewModel", "..\E.Store.ViewModel\E.Store.ViewModel.csproj", "{4C8A6241-F655-4548-891D-2D867B99A3D1}"
EndProject
Project("{FAE04EC0-301F-11D3-BF4B-00C04F79EFBC}") = "E-Store.Domain", "..\E-Store.Domain\E-Store.Domain.csproj", "{AFF6F58C-195B-459C-9F10-DA7ACAAB3F9E}"
EndProject
Project("{FAE04EC0-301F-11D3-BF4B-00C04F79EFBC}") = "E-Store.EF", "..\E-Store.EF\E-Store.EF.csproj", "{2AA566A8-C2D4-414E-A9E7-2F5EEE391B15}"
EndProject
Global
	GlobalSection(SolutionConfigurationPlatforms) = preSolution
		Debug|Any CPU = Debug|Any CPU
		Release|Any CPU = Release|Any CPU
	EndGlobalSection
	GlobalSection(ProjectConfigurationPlatforms) = postSolution
		{3C0FD1D6-0D45-482C-AA17-7981B7E7294F}.Debug|Any CPU.ActiveCfg = Debug|Any CPU
		{3C0FD1D6-0D45-482C-AA17-7981B7E7294F}.Debug|Any CPU.Build.0 = Debug|Any CPU
		{3C0FD1D6-0D45-482C-AA17-7981B7E7294F}.Release|Any CPU.ActiveCfg = Release|Any CPU
		{3C0FD1D6-0D45-482C-AA17-7981B7E7294F}.Release|Any CPU.Build.0 = Release|Any CPU
		{47B9C0A9-B8C5-4BC8-B0E0-640F66FB78BD}.Debug|Any CPU.ActiveCfg = Debug|Any CPU
		{47B9C0A9-B8C5-4BC8-B0E0-640F66FB78BD}.Debug|Any CPU.Build.0 = Debug|Any CPU
		{47B9C0A9-B8C5-4BC8-B0E0-640F66FB78BD}.Release|Any CPU.ActiveCfg = Release|Any CPU
		{47B9C0A9-B8C5-4BC8-B0E0-640F66FB78BD}.Release|Any CPU.Build.0 = Release|Any CPU
		{4C8A6241-F655-4548-891D-2D867B99A3D1}.Debug|Any CPU.ActiveCfg = Debug|Any CPU
		{4C8A6241-F655-4548-891D-2D867B99A3D1}.Debug|Any CPU.Build.0 = Debug|Any CPU
		{4C8A6241-F655-4548-891D-2D867B99A3D1}.Release|Any CPU.ActiveCfg = Release|Any CPU
		{4C8A6241-F655-4548-891D-2D867B99A3D1}.Release|Any CPU.Build.0 = Release|Any CPU
		{AFF6F58C-195B-459C-9F10-DA7ACAAB3F9E}.Debug|Any CPU.ActiveCfg = Debug|Any CPU
		{AFF6F58C-195B-459C-9F10-DA7ACAAB3F9E}.Debug|Any CPU.Build.0 = Debug|Any CPU
		{AFF6F58C-195B-459C-9F10-DA7ACAAB3F9E}.Release|Any CPU.ActiveCfg = Release|Any CPU
		{AFF6F58C-195B-459C-9F10-DA7ACAAB3F9E}.Release|Any CPU.Build.0 = Release|Any CPU
		{2AA566A8-C2D4-414E-A9E7-2F5EEE391B15}.Debug|Any CPU.ActiveCfg = Debug|Any CPU
		{2AA566A8-C2D4-414E-A9E7-2F5EEE391B15}.Debug|Any CPU.Build.0 = Debug|Any CPU
		{2AA566A8-C2D4-414E-A9E7-2F5EEE391B15}.Release|Any CPU.ActiveCfg = Release|Any CPU
		{2AA566A8-C2D4-414E-A9E7-2F5EEE391B15}.Release|Any CPU.Build.0 = Release|Any CPU
	EndGlobalSection
	GlobalSection(SolutionProperties) = preSolution
		HideSolutionNode = FALSE
	EndGlobalSection
	GlobalSection(ExtensibilityGlobals) = postSolution
		SolutionGuid = {0E4B9204-9374-4874-BB67-2133432F8971}
	EndGlobalSection
EndGlobal
